
Microsoft Visual Studio Solution File, Format Version 12.00
# Visual Studio 15
VisualStudioVersion = 15.0.28307.106
MinimumVisualStudioVersion = 10.0.40219.1
Project("{FAE04EC0-301F-11D3-BF4B-00C04F79EFBC}") = "SelectableLabelApp.Android", "SelectableLabelApp\SelectableLabelApp.Android\SelectableLabelApp.Android.csproj", "{A95F8CA9-3111-462A-97D7-65F7DF401A25}"
EndProject
Project("{FAE04EC0-301F-11D3-BF4B-00C04F79EFBC}") = "SelectableLabelApp.iOS", "SelectableLabelApp\SelectableLabelApp.iOS\SelectableLabelApp.iOS.csproj", "{345D55E1-2F12-42E0-814B-33F750EE6F47}"
EndProject
Project("{FAE04EC0-301F-11D3-BF4B-00C04F79EFBC}") = "SelectableLabelApp", "SelectableLabelApp\SelectableLabelApp\SelectableLabelApp.csproj", "{7D4ADE67-7EB4-4518-B6B7-6D31C426D627}"
EndProject
Global
	GlobalSection(SolutionConfigurationPlatforms) = preSolution
		Ad-Hoc|Any CPU = Ad-Hoc|Any CPU
		Ad-Hoc|iPhone = Ad-Hoc|iPhone
		Ad-Hoc|iPhoneSimulator = Ad-Hoc|iPhoneSimulator
		AppStore|Any CPU = AppStore|Any CPU
		AppStore|iPhone = AppStore|iPhone
		AppStore|iPhoneSimulator = AppStore|iPhoneSimulator
		Debug|Any CPU = Debug|Any CPU
		Debug|iPhone = Debug|iPhone
		Debug|iPhoneSimulator = Debug|iPhoneSimulator
		Release|Any CPU = Release|Any CPU
		Release|iPhone = Release|iPhone
		Release|iPhoneSimulator = Release|iPhoneSimulator
	EndGlobalSection
	GlobalSection(ProjectConfigurationPlatforms) = postSolution
		{A95F8CA9-3111-462A-97D7-65F7DF401A25}.Ad-Hoc|Any CPU.ActiveCfg = Release|Any CPU
		{A95F8CA9-3111-462A-97D7-65F7DF401A25}.Ad-Hoc|Any CPU.Build.0 = Release|Any CPU
		{A95F8CA9-3111-462A-97D7-65F7DF401A25}.Ad-Hoc|Any CPU.Deploy.0 = Release|Any CPU
		{A95F8CA9-3111-462A-97D7-65F7DF401A25}.Ad-Hoc|iPhone.ActiveCfg = Release|Any CPU
		{A95F8CA9-3111-462A-97D7-65F7DF401A25}.Ad-Hoc|iPhone.Build.0 = Release|Any CPU
		{A95F8CA9-3111-462A-97D7-65F7DF401A25}.Ad-Hoc|iPhone.Deploy.0 = Release|Any CPU
		{A95F8CA9-3111-462A-97D7-65F7DF401A25}.Ad-Hoc|iPhoneSimulator.ActiveCfg = Release|Any CPU
		{A95F8CA9-3111-462A-97D7-65F7DF401A25}.Ad-Hoc|iPhoneSimulator.Build.0 = Release|Any CPU
		{A95F8CA9-3111-462A-97D7-65F7DF401A25}.Ad-Hoc|iPhoneSimulator.Deploy.0 = Release|Any CPU
		{A95F8CA9-3111-462A-97D7-65F7DF401A25}.AppStore|Any CPU.ActiveCfg = Release|Any CPU
		{A95F8CA9-3111-462A-97D7-65F7DF401A25}.AppStore|Any CPU.Build.0 = Release|Any CPU
		{A95F8CA9-3111-462A-97D7-65F7DF401A25}.AppStore|Any CPU.Deploy.0 = Release|Any CPU
		{A95F8CA9-3111-462A-97D7-65F7DF401A25}.AppStore|iPhone.ActiveCfg = Release|Any CPU
		{A95F8CA9-3111-462A-97D7-65F7DF401A25}.AppStore|iPhone.Build.0 = Release|Any CPU
		{A95F8CA9-3111-462A-97D7-65F7DF401A25}.AppStore|iPhone.Deploy.0 = Release|Any CPU
		{A95F8CA9-3111-462A-97D7-65F7DF401A25}.AppStore|iPhoneSimulator.ActiveCfg = Release|Any CPU
		{A95F8CA9-3111-462A-97D7-65F7DF401A25}.AppStore|iPhoneSimulator.Build.0 = Release|Any CPU
		{A95F8CA9-3111-462A-97D7-65F7DF401A25}.AppStore|iPhoneSimulator.Deploy.0 = Release|Any CPU
		{A95F8CA9-3111-462A-97D7-65F7DF401A25}.Debug|Any CPU.ActiveCfg = Debug|Any CPU
		{A95F8CA9-3111-462A-97D7-65F7DF401A25}.Debug|Any CPU.Build.0 = Debug|Any CPU
		{A95F8CA9-3111-462A-97D7-65F7DF401A25}.Debug|Any CPU.Deploy.0 = Debug|Any CPU
		{A95F8CA9-3111-462A-97D7-65F7DF401A25}.Debug|iPhone.ActiveCfg = Debug|Any CPU
		{A95F8CA9-3111-462A-97D7-65F7DF401A25}.Debug|iPhone.Build.0 = Debug|Any CPU
		{A95F8CA9-3111-462A-97D7-65F7DF401A25}.Debug|iPhone.Deploy.0 = Debug|Any CPU
		{A95F8CA9-3111-462A-97D7-65F7DF401A25}.Debug|iPhoneSimulator.ActiveCfg = Debug|Any CPU
		{A95F8CA9-3111-462A-97D7-65F7DF401A25}.Debug|iPhoneSimulator.Build.0 = Debug|Any CPU
		{A95F8CA9-3111-462A-97D7-65F7DF401A25}.Debug|iPhoneSimulator.Deploy.0 = Debug|Any CPU
		{A95F8CA9-3111-462A-97D7-65F7DF401A25}.Release|Any CPU.ActiveCfg = Release|Any CPU
		{A95F8CA9-3111-462A-97D7-65F7DF401A25}.Release|Any CPU.Build.0 = Release|Any CPU
		{A95F8CA9-3111-462A-97D7-65F7DF401A25}.Release|Any CPU.Deploy.0 = Release|Any CPU
		{A95F8CA9-3111-462A-97D7-65F7DF401A25}.Release|iPhone.ActiveCfg = Release|Any CPU
		{A95F8CA9-3111-462A-97D7-65F7DF401A25}.Release|iPhone.Build.0 = Release|Any CPU
		{A95F8CA9-3111-462A-97D7-65F7DF401A25}.Release|iPhone.Deploy.0 = Release|Any CPU
		{A95F8CA9-3111-462A-97D7-65F7DF401A25}.Release|iPhoneSimulator.ActiveCfg = Release|Any CPU
		{A95F8CA9-3111-462A-97D7-65F7DF401A25}.Release|iPhoneSimulator.Build.0 = Release|Any CPU
		{A95F8CA9-3111-462A-97D7-65F7DF401A25}.Release|iPhoneSimulator.Deploy.0 = Release|Any CPU
		{345D55E1-2F12-42E0-814B-33F750EE6F47}.Ad-Hoc|Any CPU.ActiveCfg = Ad-Hoc|iPhone
		{345D55E1-2F12-42E0-814B-33F750EE6F47}.Ad-Hoc|Any CPU.Build.0 = Ad-Hoc|iPhone
		{345D55E1-2F12-42E0-814B-33F750EE6F47}.Ad-Hoc|Any CPU.Deploy.0 = Ad-Hoc|iPhone
		{345D55E1-2F12-42E0-814B-33F750EE6F47}.Ad-Hoc|iPhone.ActiveCfg = Ad-Hoc|iPhone
		{345D55E1-2F12-42E0-814B-33F750EE6F47}.Ad-Hoc|iPhone.Build.0 = Ad-Hoc|iPhone
		{345D55E1-2F12-42E0-814B-33F750EE6F47}.Ad-Hoc|iPhone.Deploy.0 = Ad-Hoc|iPhone
		{345D55E1-2F12-42E0-814B-33F750EE6F47}.Ad-Hoc|iPhoneSimulator.ActiveCfg = Ad-Hoc|iPhoneSimulator
		{345D55E1-2F12-42E0-814B-33F750EE6F47}.Ad-Hoc|iPhoneSimulator.Build.0 = Ad-Hoc|iPhoneSimulator
		{345D55E1-2F12-42E0-814B-33F750EE6F47}.Ad-Hoc|iPhoneSimulator.Deploy.0 = Ad-Hoc|iPhoneSimulator
		{345D55E1-2F12-42E0-814B-33F750EE6F47}.AppStore|Any CPU.ActiveCfg = AppStore|iPhone
		{345D55E1-2F12-42E0-814B-33F750EE6F47}.AppStore|Any CPU.Build.0 = AppStore|iPhone
		{345D55E1-2F12-42E0-814B-33F750EE6F47}.AppStore|Any CPU.Deploy.0 = AppStore|iPhone
		{345D55E1-2F12-42E0-814B-33F750EE6F47}.AppStore|iPhone.ActiveCfg = AppStore|iPhone
		{345D55E1-2F12-42E0-814B-33F750EE6F47}.AppStore|iPhone.Build.0 = AppStore|iPhone
		{345D55E1-2F12-42E0-814B-33F750EE6F47}.AppStore|iPhone.Deploy.0 = AppStore|iPhone
		{345D55E1-2F12-42E0-814B-33F750EE6F47}.AppStore|iPhoneSimulator.ActiveCfg = AppStore|iPhoneSimulator
		{345D55E1-2F12-42E0-814B-33F750EE6F47}.AppStore|iPhoneSimulator.Build.0 = AppStore|iPhoneSimulator
		{345D55E1-2F12-42E0-814B-33F750EE6F47}.AppStore|iPhoneSimulator.Deploy.0 = AppStore|iPhoneSimulator
		{345D55E1-2F12-42E0-814B-33F750EE6F47}.Debug|Any CPU.ActiveCfg = Debug|iPhoneSimulator
		{345D55E1-2F12-42E0-814B-33F750EE6F47}.Debug|Any CPU.Build.0 = Debug|iPhoneSimulator
		{345D55E1-2F12-42E0-814B-33F750EE6F47}.Debug|Any CPU.Deploy.0 = Debug|iPhoneSimulator
		{345D55E1-2F12-42E0-814B-33F750EE6F47}.Debug|iPhone.ActiveCfg = Debug|iPhone
		{345D55E1-2F12-42E0-814B-33F750EE6F47}.Debug|iPhone.Build.0 = Debug|iPhone
		{345D55E1-2F12-42E0-814B-33F750EE6F47}.Debug|iPhone.Deploy.0 = Debug|iPhone
		{345D55E1-2F12-42E0-814B-33F750EE6F47}.Debug|iPhoneSimulator.ActiveCfg = Debug|iPhoneSimulator
		{345D55E1-2F12-42E0-814B-33F750EE6F47}.Debug|iPhoneSimulator.Build.0 = Debug|iPhoneSimulator
		{345D55E1-2F12-42E0-814B-33F750EE6F47}.Debug|iPhoneSimulator.Deploy.0 = Debug|iPhoneSimulator
		{345D55E1-2F12-42E0-814B-33F750EE6F47}.Release|Any CPU.ActiveCfg = Release|iPhone
		{345D55E1-2F12-42E0-814B-33F750EE6F47}.Release|Any CPU.Build.0 = Release|iPhone
		{345D55E1-2F12-42E0-814B-33F750EE6F47}.Release|Any CPU.Deploy.0 = Release|iPhone
		{345D55E1-2F12-42E0-814B-33F750EE6F47}.Release|iPhone.ActiveCfg = Release|iPhone
		{345D55E1-2F12-42E0-814B-33F750EE6F47}.Release|iPhone.Build.0 = Release|iPhone
		{345D55E1-2F12-42E0-814B-33F750EE6F47}.Release|iPhone.Deploy.0 = Release|iPhone
		{345D55E1-2F12-42E0-814B-33F750EE6F47}.Release|iPhoneSimulator.ActiveCfg = Release|iPhoneSimulator
		{345D55E1-2F12-42E0-814B-33F750EE6F47}.Release|iPhoneSimulator.Build.0 = Release|iPhoneSimulator
		{345D55E1-2F12-42E0-814B-33F750EE6F47}.Release|iPhoneSimulator.Deploy.0 = Release|iPhoneSimulator
		{7D4ADE67-7EB4-4518-B6B7-6D31C426D627}.Ad-Hoc|Any CPU.ActiveCfg = Debug|Any CPU
		{7D4ADE67-7EB4-4518-B6B7-6D31C426D627}.Ad-Hoc|Any CPU.Build.0 = Debug|Any CPU
		{7D4ADE67-7EB4-4518-B6B7-6D31C426D627}.Ad-Hoc|Any CPU.Deploy.0 = Debug|Any CPU
		{7D4ADE67-7EB4-4518-B6B7-6D31C426D627}.Ad-Hoc|iPhone.ActiveCfg = Debug|Any CPU
		{7D4ADE67-7EB4-4518-B6B7-6D31C426D627}.Ad-Hoc|iPhone.Build.0 = Debug|Any CPU
		{7D4ADE67-7EB4-4518-B6B7-6D31C426D627}.Ad-Hoc|iPhone.Deploy.0 = Debug|Any CPU
		{7D4ADE67-7EB4-4518-B6B7-6D31C426D627}.Ad-Hoc|iPhoneSimulator.ActiveCfg = Debug|Any CPU
		{7D4ADE67-7EB4-4518-B6B7-6D31C426D627}.Ad-Hoc|iPhoneSimulator.Build.0 = Debug|Any CPU
		{7D4ADE67-7EB4-4518-B6B7-6D31C426D627}.Ad-Hoc|iPhoneSimulator.Deploy.0 = Debug|Any CPU
		{7D4ADE67-7EB4-4518-B6B7-6D31C426D627}.AppStore|Any CPU.ActiveCfg = Debug|Any CPU
		{7D4ADE67-7EB4-4518-B6B7-6D31C426D627}.AppStore|Any CPU.Build.0 = Debug|Any CPU
		{7D4ADE67-7EB4-4518-B6B7-6D31C426D627}.AppStore|Any CPU.Deploy.0 = Debug|Any CPU
		{7D4ADE67-7EB4-4518-B6B7-6D31C426D627}.AppStore|iPhone.ActiveCfg = Debug|Any CPU
		{7D4ADE67-7EB4-4518-B6B7-6D31C426D627}.AppStore|iPhone.Build.0 = Debug|Any CPU
		{7D4ADE67-7EB4-4518-B6B7-6D31C426D627}.AppStore|iPhone.Deploy.0 = Debug|Any CPU
		{7D4ADE67-7EB4-4518-B6B7-6D31C426D627}.AppStore|iPhoneSimulator.ActiveCfg = Debug|Any CPU
		{7D4ADE67-7EB4-4518-B6B7-6D31C426D627}.AppStore|iPhoneSimulator.Build.0 = Debug|Any CPU
		{7D4ADE67-7EB4-4518-B6B7-6D31C426D627}.AppStore|iPhoneSimulator.Deploy.0 = Debug|Any CPU
		{7D4ADE67-7EB4-4518-B6B7-6D31C426D627}.Debug|Any CPU.ActiveCfg = Debug|Any CPU
		{7D4ADE67-7EB4-4518-B6B7-6D31C426D627}.Debug|Any CPU.Build.0 = Debug|Any CPU
		{7D4ADE67-7EB4-4518-B6B7-6D31C426D627}.Debug|Any CPU.Deploy.0 = Debug|Any CPU
		{7D4ADE67-7EB4-4518-B6B7-6D31C426D627}.Debug|iPhone.ActiveCfg = Debug|Any CPU
		{7D4ADE67-7EB4-4518-B6B7-6D31C426D627}.Debug|iPhone.Build.0 = Debug|Any CPU
		{7D4ADE67-7EB4-4518-B6B7-6D31C426D627}.Debug|iPhone.Deploy.0 = Debug|Any CPU
		{7D4ADE67-7EB4-4518-B6B7-6D31C426D627}.Debug|iPhoneSimulator.ActiveCfg = Debug|Any CPU
		{7D4ADE67-7EB4-4518-B6B7-6D31C426D627}.Debug|iPhoneSimulator.Build.0 = Debug|Any CPU
		{7D4ADE67-7EB4-4518-B6B7-6D31C426D627}.Debug|iPhoneSimulator.Deploy.0 = Debug|Any CPU
		{7D4ADE67-7EB4-4518-B6B7-6D31C426D627}.Release|Any CPU.ActiveCfg = Release|Any CPU
		{7D4ADE67-7EB4-4518-B6B7-6D31C426D627}.Release|Any CPU.Build.0 = Release|Any CPU
		{7D4ADE67-7EB4-4518-B6B7-6D31C426D627}.Release|Any CPU.Deploy.0 = Release|Any CPU
		{7D4ADE67-7EB4-4518-B6B7-6D31C426D627}.Release|iPhone.ActiveCfg = Release|Any CPU
		{7D4ADE67-7EB4-4518-B6B7-6D31C426D627}.Release|iPhone.Build.0 = Release|Any CPU
		{7D4ADE67-7EB4-4518-B6B7-6D31C426D627}.Release|iPhone.Deploy.0 = Release|Any CPU
		{7D4ADE67-7EB4-4518-B6B7-6D31C426D627}.Release|iPhoneSimulator.ActiveCfg = Release|Any CPU
		{7D4ADE67-7EB4-4518-B6B7-6D31C426D627}.Release|iPhoneSimulator.Build.0 = Release|Any CPU
		{7D4ADE67-7EB4-4518-B6B7-6D31C426D627}.Release|iPhoneSimulator.Deploy.0 = Release|Any CPU
	EndGlobalSection
	GlobalSection(SolutionProperties) = preSolution
		HideSolutionNode = FALSE
	EndGlobalSection
	GlobalSection(ExtensibilityGlobals) = postSolution
		SolutionGuid = {98853EB9-ABE3-494E-A5D3-8E575FDFAE1C}
	EndGlobalSection
EndGlobal
